
Microsoft Visual Studio Solution File, Format Version 12.00
# Visual Studio Version 17
VisualStudioVersion = 17.0.32014.148
MinimumVisualStudioVersion = 10.0.40219.1
Project("{9A19103F-16F7-4668-BE54-9A1E7A4F7556}") = "Ui", "Ui\Ui.csproj", "{C5A448D1-322A-43BB-8A51-6922DBDBB9FA}"
EndProject
Project("{9A19103F-16F7-4668-BE54-9A1E7A4F7556}") = "Dal", "Dal_New\Dal.csproj", "{1B2DB86C-63B7-49C0-87DE-34119AB4290D}"
EndProject
Project("{9A19103F-16F7-4668-BE54-9A1E7A4F7556}") = "Bl", "Bl_new\Bl.csproj", "{5C566928-9940-4603-9994-9FEFA3E0D138}"
EndProject
Project("{9A19103F-16F7-4668-BE54-9A1E7A4F7556}") = "Test", "Test\Test.csproj", "{DDA909B5-BD70-464F-98B3-DCDD009BCB54}"
EndProject
Global
	GlobalSection(SolutionConfigurationPlatforms) = preSolution
		Debug|Any CPU = Debug|Any CPU
		Release|Any CPU = Release|Any CPU
	EndGlobalSection
	GlobalSection(ProjectConfigurationPlatforms) = postSolution
		{C5A448D1-322A-43BB-8A51-6922DBDBB9FA}.Debug|Any CPU.ActiveCfg = Debug|Any CPU
		{C5A448D1-322A-43BB-8A51-6922DBDBB9FA}.Debug|Any CPU.Build.0 = Debug|Any CPU
		{C5A448D1-322A-43BB-8A51-6922DBDBB9FA}.Release|Any CPU.ActiveCfg = Release|Any CPU
		{C5A448D1-322A-43BB-8A51-6922DBDBB9FA}.Release|Any CPU.Build.0 = Release|Any CPU
		{1B2DB86C-63B7-49C0-87DE-34119AB4290D}.Debug|Any CPU.ActiveCfg = Debug|Any CPU
		{1B2DB86C-63B7-49C0-87DE-34119AB4290D}.Debug|Any CPU.Build.0 = Debug|Any CPU
		{1B2DB86C-63B7-49C0-87DE-34119AB4290D}.Release|Any CPU.ActiveCfg = Release|Any CPU
		{1B2DB86C-63B7-49C0-87DE-34119AB4290D}.Release|Any CPU.Build.0 = Release|Any CPU
		{5C566928-9940-4603-9994-9FEFA3E0D138}.Debug|Any CPU.ActiveCfg = Debug|Any CPU
		{5C566928-9940-4603-9994-9FEFA3E0D138}.Debug|Any CPU.Build.0 = Debug|Any CPU
		{5C566928-9940-4603-9994-9FEFA3E0D138}.Release|Any CPU.ActiveCfg = Release|Any CPU
		{5C566928-9940-4603-9994-9FEFA3E0D138}.Release|Any CPU.Build.0 = Release|Any CPU
		{DDA909B5-BD70-464F-98B3-DCDD009BCB54}.Debug|Any CPU.ActiveCfg = Debug|Any CPU
		{DDA909B5-BD70-464F-98B3-DCDD009BCB54}.Debug|Any CPU.Build.0 = Debug|Any CPU
		{DDA909B5-BD70-464F-98B3-DCDD009BCB54}.Release|Any CPU.ActiveCfg = Release|Any CPU
		{DDA909B5-BD70-464F-98B3-DCDD009BCB54}.Release|Any CPU.Build.0 = Release|Any CPU
	EndGlobalSection
	GlobalSection(SolutionProperties) = preSolution
		HideSolutionNode = FALSE
	EndGlobalSection
	GlobalSection(ExtensibilityGlobals) = postSolution
		SolutionGuid = {C82E6910-E6F7-4C25-8EA6-893F4C21A262}
	EndGlobalSection
EndGlobal
